#MicroXplorer Configuration settings - do not modify
CAN.BS1=CAN_BS1_2TQ
CAN.BS2=CAN_BS2_2TQ
CAN.CalculateBaudRate=1000000
CAN.CalculateTimeBit=1000
CAN.CalculateTimeQuantum=200.0
CAN.IPParameters=CalculateTimeQuantum,CalculateTimeBit,CalculateBaudRate,Prescaler,BS1,BS2
CAN.Prescaler=6
File.Version=6
GPIO.groupedBy=Group By Peripherals
KeepUserPlacement=false
Mcu.CPN=STM32F303VCT6
Mcu.Family=STM32F3
Mcu.IP0=CAN
Mcu.IP1=IWDG
Mcu.IP2=NVIC
Mcu.IP3=RCC
Mcu.IP4=SYS
Mcu.IP5=TIM8
Mcu.IP6=TIM16
Mcu.IP7=TIM17
Mcu.IP8=USART1
Mcu.IPNb=9
Mcu.Name=STM32F303V(B-C)Tx
Mcu.Package=LQFP100
Mcu.Pin0=PF0-OSC_IN
Mcu.Pin1=PF1-OSC_OUT
Mcu.Pin10=PC9
Mcu.Pin11=PA8
Mcu.Pin12=PA9
Mcu.Pin13=PA10
Mcu.Pin14=PA13
Mcu.Pin15=PA14
Mcu.Pin16=PA15
Mcu.Pin17=PC10
Mcu.Pin18=PC11
Mcu.Pin19=PC12
Mcu.Pin2=PD10
Mcu.Pin20=PD0
Mcu.Pin21=PD1
Mcu.Pin22=PD2
Mcu.Pin23=PD3
Mcu.Pin24=PD4
Mcu.Pin25=PD6
Mcu.Pin26=PB3
Mcu.Pin27=PB5
Mcu.Pin28=PB7
Mcu.Pin29=PB8
Mcu.Pin3=PD11
Mcu.Pin30=PE0
Mcu.Pin31=PE1
Mcu.Pin32=VP_IWDG_VS_IWDG
Mcu.Pin33=VP_SYS_VS_Systick
Mcu.Pin34=VP_TIM16_VS_ClockSourceINT
Mcu.Pin35=VP_TIM17_VS_ClockSourceINT
Mcu.Pin4=PD12
Mcu.Pin5=PD13
Mcu.Pin6=PD14
Mcu.Pin7=PC6
Mcu.Pin8=PC7
Mcu.Pin9=PC8
Mcu.PinsNb=36
Mcu.ThirdPartyNb=0
Mcu.UserConstants=
Mcu.UserName=STM32F303VCTx
MxCube.Version=6.5.0
MxDb.Version=DB.6.0.50
NVIC.BusFault_IRQn=true\:0\:0\:false\:false\:true\:false\:false\:true
NVIC.CAN_RX1_IRQn=true\:0\:0\:false\:false\:true\:true\:true\:true
NVIC.DebugMonitor_IRQn=true\:0\:0\:false\:false\:true\:false\:false\:true
NVIC.ForceEnableDMAVector=true
NVIC.HardFault_IRQn=true\:0\:0\:false\:false\:true\:false\:false\:true
NVIC.MemoryManagement_IRQn=true\:0\:0\:false\:false\:true\:false\:false\:true
NVIC.NonMaskableInt_IRQn=true\:0\:0\:false\:false\:true\:false\:false\:true
NVIC.PendSV_IRQn=true\:0\:0\:false\:false\:true\:false\:false\:true
NVIC.PriorityGroup=NVIC_PRIORITYGROUP_4
NVIC.SVCall_IRQn=true\:0\:0\:false\:false\:true\:false\:false\:true
NVIC.SysTick_IRQn=true\:15\:0\:false\:false\:true\:false\:true\:true
NVIC.USB_LP_CAN_RX0_IRQn=true\:0\:0\:false\:false\:true\:true\:true\:true
NVIC.UsageFault_IRQn=true\:0\:0\:false\:false\:true\:false\:false\:true
PA10.Locked=true
PA10.Mode=Asynchronous
PA10.Signal=USART1_RX
PA13.Mode=JTAG_4_pins
PA13.Signal=SYS_JTMS-SWDIO
PA14.Mode=JTAG_4_pins
PA14.Signal=SYS_JTCK-SWCLK
PA15.Mode=JTAG_4_pins
PA15.Signal=SYS_JTDI
PA8.GPIOParameters=GPIO_PuPd,GPIO_Label
PA8.GPIO_Label=ASB_CMD
PA8.GPIO_PuPd=GPIO_PULLDOWN
PA8.Locked=true
PA8.Signal=GPIO_Output
PA9.Locked=true
PA9.Mode=Asynchronous
PA9.Signal=USART1_TX
PB3.Mode=JTAG_4_pins
PB3.Signal=SYS_JTDO-TRACESWO
PB5.GPIOParameters=GPIO_PuPd,GPIO_Label
PB5.GPIO_Label=AMI1_CMD
PB5.GPIO_PuPd=GPIO_PULLDOWN
PB5.Locked=true
PB5.Signal=GPIO_Output
PB7.GPIOParameters=GPIO_PuPd,GPIO_Label
PB7.GPIO_Label=ASSI_YELLOW_CMD
PB7.GPIO_PuPd=GPIO_PULLDOWN
PB7.Locked=true
PB7.Signal=GPIO_Output
PB8.GPIOParameters=GPIO_PuPd,GPIO_Label
PB8.GPIO_Label=ASSI_BLUE_CMD
PB8.GPIO_PuPd=GPIO_PULLDOWN
PB8.Locked=true
PB8.Signal=GPIO_Output
PC10.Locked=true
PC10.Mode=PWM Generation1 CH1N
PC10.Signal=TIM8_CH1N
PC11.GPIOParameters=GPIO_PuPd,GPIO_Label
PC11.GPIO_Label=TSOFF_CMD
PC11.GPIO_PuPd=GPIO_PULLDOWN
PC11.Locked=true
PC11.Signal=GPIO_Output
PC12.GPIOParameters=GPIO_PuPd,GPIO_Label
PC12.GPIO_Label=RTD_CMD
PC12.GPIO_PuPd=GPIO_PULLDOWN
PC12.Locked=true
PC12.Signal=GPIO_Output
PC6.GPIOParameters=GPIO_PuPd,GPIO_Label
PC6.GPIO_Label=AMS_CMD
PC6.GPIO_PuPd=GPIO_PULLDOWN
PC6.Locked=true
PC6.Signal=GPIO_Output
PC7.GPIOParameters=GPIO_PuPd,GPIO_Label
PC7.GPIO_Label=BUZZEREV_CMD
PC7.GPIO_PuPd=GPIO_PULLDOWN
PC7.Locked=true
PC7.Signal=GPIO_Output
PC8.GPIOParameters=GPIO_PuPd,GPIO_Label
PC8.GPIO_Label=IMD_CMD
PC8.GPIO_PuPd=GPIO_PULLDOWN
PC8.Locked=true
PC8.Signal=GPIO_Output
PC9.GPIOParameters=GPIO_PuPd,GPIO_Label
PC9.GPIO_Label=TS_EX_STM
PC9.GPIO_PuPd=GPIO_PULLUP
PC9.Locked=true
PC9.Signal=GPIO_Input
PD0.Mode=CAN_Activate
PD0.Signal=CAN_RX
PD1.Locked=true
PD1.Mode=CAN_Activate
PD1.Signal=CAN_TX
PD10.GPIOParameters=GPIO_PuPd,GPIO_Label
PD10.GPIO_Label=EBS_RELAY1_CMD
PD10.GPIO_PuPd=GPIO_PULLDOWN
PD10.Locked=true
PD10.Signal=GPIO_Output
PD11.GPIOParameters=GPIO_PuPd,GPIO_Label
PD11.GPIO_Label=EBS_RELAY2_CMD
PD11.GPIO_PuPd=GPIO_PULLDOWN
PD11.Locked=true
PD11.Signal=GPIO_Output
PD12.GPIOParameters=GPIO_PuPd,GPIO_Label
PD12.GPIO_Label=TS_CK_STM
PD12.GPIO_PuPd=GPIO_PULLUP
PD12.Locked=true
PD12.Signal=GPIO_Input
PD13.GPIOParameters=GPIO_PuPd,GPIO_Label
PD13.GPIO_Label=SpareButton_STM
PD13.GPIO_PuPd=GPIO_PULLUP
PD13.Locked=true
PD13.Signal=GPIO_Input
PD14.GPIOParameters=GPIO_PuPd,GPIO_Label
PD14.GPIO_Label=BUZZERAS_CMD
PD14.GPIO_PuPd=GPIO_PULLDOWN
PD14.Locked=true
PD14.Signal=GPIO_Output
PD2.GPIOParameters=GPIO_PuPd,GPIO_Label
PD2.GPIO_Label=LED1
PD2.GPIO_PuPd=GPIO_PULLDOWN
PD2.Locked=true
PD2.Signal=GPIO_Output
PD3.GPIOParameters=GPIO_PuPd,GPIO_Label
PD3.GPIO_Label=LED2
PD3.GPIO_PuPd=GPIO_PULLDOWN
PD3.Locked=true
PD3.Signal=GPIO_Output
PD4.GPIOParameters=GPIO_PuPd,GPIO_Label
PD4.GPIO_Label=AMI3_CMD
PD4.GPIO_PuPd=GPIO_PULLDOWN
PD4.Locked=true
PD4.Signal=GPIO_Output
PD6.GPIOParameters=GPIO_PuPd,GPIO_Label
PD6.GPIO_Label=AMI2_CMD
PD6.GPIO_PuPd=GPIO_PULLDOWN
PD6.Locked=true
PD6.Signal=GPIO_Output
PE0.GPIOParameters=GPIO_Label
PE0.GPIO_Label=PWM1_CMD
PE0.Locked=true
PE0.Signal=S_TIM16_CH1
PE1.GPIOParameters=GPIO_Label
PE1.GPIO_Label=PWM2_CMD
PE1.Locked=true
PE1.Signal=S_TIM17_CH1
PF0-OSC_IN.Mode=HSE-External-Oscillator
PF0-OSC_IN.Signal=RCC_OSC_IN
PF1-OSC_OUT.Locked=true
PF1-OSC_OUT.Mode=HSE-External-Oscillator
PF1-OSC_OUT.Signal=RCC_OSC_OUT
PinOutPanel.RotationAngle=0
ProjectManager.AskForMigrate=true
ProjectManager.BackupPrevious=true
ProjectManager.CompilerOptimize=6
ProjectManager.ComputerToolchain=false
ProjectManager.CoupleFile=false
ProjectManager.CustomerFirmwarePackage=
ProjectManager.DefaultFWLocation=true
ProjectManager.DeletePrevious=true
ProjectManager.DeviceId=STM32F303VCTx
ProjectManager.FirmwarePackage=STM32Cube FW_F3 V1.11.3
ProjectManager.FreePins=false
ProjectManager.HalAssertFull=false
ProjectManager.HeapSize=0x200
ProjectManager.KeepUserCode=true
ProjectManager.LastFirmware=true
ProjectManager.LibraryCopy=2
ProjectManager.MainLocation=Core/Src
ProjectManager.NoMain=false
ProjectManager.PreviousToolchain=
ProjectManager.ProjectBuild=false
ProjectManager.ProjectFileName=Dash22.ioc
ProjectManager.ProjectName=Dash22
ProjectManager.RegisterCallBack=
ProjectManager.StackSize=0x400
ProjectManager.TargetToolchain=Makefile
ProjectManager.ToolChainLocation=
ProjectManager.UnderRoot=false
ProjectManager.functionlistsort=1-SystemClock_Config-RCC-false-HAL-false,2-MX_GPIO_Init-GPIO-false-HAL-true,3-MX_CAN_Init-CAN-false-HAL-true,4-MX_IWDG_Init-IWDG-false-HAL-true,5-MX_USART1_UART_Init-USART1-false-HAL-true,6-MX_TIM8_Init-TIM8-false-HAL-true,7-MX_TIM16_Init-TIM16-false-HAL-true,8-MX_TIM17_Init-TIM17-false-HAL-true
RCC.ADC12outputFreq_Value=60000000
RCC.ADC34outputFreq_Value=60000000
RCC.AHBFreq_Value=60000000
RCC.APB1CLKDivider=RCC_HCLK_DIV2
RCC.APB1Freq_Value=30000000
RCC.APB1TimFreq_Value=60000000
RCC.APB2Freq_Value=60000000
RCC.APB2TimFreq_Value=60000000
RCC.CortexFreq_Value=60000000
RCC.FCLKCortexFreq_Value=60000000
RCC.FamilyName=M
RCC.HCLKFreq_Value=60000000
RCC.HSEPLLFreq_Value=4000000
RCC.HSE_VALUE=8000000
RCC.HSIPLLFreq_Value=4000000
RCC.HSI_VALUE=8000000
RCC.I2C1Freq_Value=8000000
RCC.I2C2Freq_Value=8000000
RCC.I2SClocksFreq_Value=60000000
RCC.IPParameters=ADC12outputFreq_Value,ADC34outputFreq_Value,AHBFreq_Value,APB1CLKDivider,APB1Freq_Value,APB1TimFreq_Value,APB2Freq_Value,APB2TimFreq_Value,CortexFreq_Value,FCLKCortexFreq_Value,FamilyName,HCLKFreq_Value,HSEPLLFreq_Value,HSE_VALUE,HSIPLLFreq_Value,HSI_VALUE,I2C1Freq_Value,I2C2Freq_Value,I2SClocksFreq_Value,LSE_VALUE,LSI_VALUE,MCOFreq_Value,PLLCLKFreq_Value,PLLMCOFreq_Value,PLLMUL,PLLSourceVirtual,RCC_PLLsource_Clock_Source_FROM_HSE,RTCFreq_Value,RTCHSEDivFreq_Value,SYSCLKFreq_VALUE,SYSCLKSourceVirtual,TIM1Freq_Value,TIM2Freq_Value,TIM8Freq_Value,UART4Freq_Value,UART5Freq_Value,USART1Freq_Value,USART2Freq_Value,USART3Freq_Value,USBFreq_Value,VCOOutput2Freq_Value
RCC.LSE_VALUE=32768
RCC.LSI_VALUE=40000
RCC.MCOFreq_Value=60000000
RCC.PLLCLKFreq_Value=60000000
RCC.PLLMCOFreq_Value=30000000
RCC.PLLMUL=RCC_PLL_MUL15
RCC.PLLSourceVirtual=RCC_PLLSOURCE_HSE
RCC.RCC_PLLsource_Clock_Source_FROM_HSE=RCC_HSE_PREDIV_DIV2
RCC.RTCFreq_Value=40000
RCC.RTCHSEDivFreq_Value=250000
RCC.SYSCLKFreq_VALUE=60000000
RCC.SYSCLKSourceVirtual=RCC_SYSCLKSOURCE_PLLCLK
RCC.TIM1Freq_Value=60000000
RCC.TIM2Freq_Value=60000000
RCC.TIM8Freq_Value=60000000
RCC.UART4Freq_Value=30000000
RCC.UART5Freq_Value=30000000
RCC.USART1Freq_Value=60000000
RCC.USART2Freq_Value=30000000
RCC.USART3Freq_Value=30000000
RCC.USBFreq_Value=60000000
RCC.VCOOutput2Freq_Value=4000000
SH.S_TIM16_CH1.0=TIM16_CH1,PWM Generation1 CH1
SH.S_TIM16_CH1.ConfNb=1
SH.S_TIM17_CH1.0=TIM17_CH1,PWM Generation1 CH1
SH.S_TIM17_CH1.ConfNb=1
TIM16.Channel=TIM_CHANNEL_1
TIM16.IPParameters=Channel
TIM17.Channel=TIM_CHANNEL_1
TIM17.IPParameters=Channel
TIM8.Channel-PWM\ Generation1\ CH1N=TIM_CHANNEL_1
TIM8.IPParameters=Channel-PWM Generation1 CH1N
USART1.BaudRate=115200
USART1.IPParameters=VirtualMode-Asynchronous,BaudRate
USART1.VirtualMode-Asynchronous=VM_ASYNC
VP_IWDG_VS_IWDG.Mode=IWDG_Activate
VP_IWDG_VS_IWDG.Signal=IWDG_VS_IWDG
VP_SYS_VS_Systick.Mode=SysTick
VP_SYS_VS_Systick.Signal=SYS_VS_Systick
VP_TIM16_VS_ClockSourceINT.Mode=Enable_Timer
VP_TIM16_VS_ClockSourceINT.Signal=TIM16_VS_ClockSourceINT
VP_TIM17_VS_ClockSourceINT.Mode=Enable_Timer
VP_TIM17_VS_ClockSourceINT.Signal=TIM17_VS_ClockSourceINT
board=custom
